
Microsoft Visual Studio Solution File, Format Version 12.00
# Visual Studio Version 17
VisualStudioVersion = 17.4.33205.214
MinimumVisualStudioVersion = 10.0.40219.1
Project("{9A19103F-16F7-4668-BE54-9A1E7A4F7556}") = "EntityFrameworkPagination", "EntityFrameworkPagination.csproj", "{9E7ABE7A-E234-432F-A6E7-F18443999CF5}"
EndProject
Project("{9A19103F-16F7-4668-BE54-9A1E7A4F7556}") = "EntityFrameworkPagination.Nuget", "..\EntityFrameworkPagination.Nuget\EntityFrameworkPagination.Nuget.csproj", "{AE2CC055-C0D4-4C1C-AC89-1DF8BF646670}"
EndProject
Project("{2150E333-8FDC-42A3-9474-1A3956D46DE8}") = "Solution Items", "Solution Items", "{D751AB8B-D4DD-49A7-B7B7-4F25A662EEB3}"
	ProjectSection(SolutionItems) = preProject
		..\..\Users\taner\OneDrive\Masaüstü\README.md = ..\..\Users\taner\OneDrive\Masaüstü\README.md
	EndProjectSection
EndProject
Global
	GlobalSection(SolutionConfigurationPlatforms) = preSolution
		Debug|Any CPU = Debug|Any CPU
		Release|Any CPU = Release|Any CPU
	EndGlobalSection
	GlobalSection(ProjectConfigurationPlatforms) = postSolution
		{9E7ABE7A-E234-432F-A6E7-F18443999CF5}.Debug|Any CPU.ActiveCfg = Debug|Any CPU
		{9E7ABE7A-E234-432F-A6E7-F18443999CF5}.Debug|Any CPU.Build.0 = Debug|Any CPU
		{9E7ABE7A-E234-432F-A6E7-F18443999CF5}.Release|Any CPU.ActiveCfg = Release|Any CPU
		{9E7ABE7A-E234-432F-A6E7-F18443999CF5}.Release|Any CPU.Build.0 = Release|Any CPU
		{AE2CC055-C0D4-4C1C-AC89-1DF8BF646670}.Debug|Any CPU.ActiveCfg = Debug|Any CPU
		{AE2CC055-C0D4-4C1C-AC89-1DF8BF646670}.Debug|Any CPU.Build.0 = Debug|Any CPU
		{AE2CC055-C0D4-4C1C-AC89-1DF8BF646670}.Release|Any CPU.ActiveCfg = Release|Any CPU
		{AE2CC055-C0D4-4C1C-AC89-1DF8BF646670}.Release|Any CPU.Build.0 = Release|Any CPU
	EndGlobalSection
	GlobalSection(SolutionProperties) = preSolution
		HideSolutionNode = FALSE
	EndGlobalSection
	GlobalSection(ExtensibilityGlobals) = postSolution
		SolutionGuid = {8CC2CF19-8E7C-4F2E-83BB-BF31851E6508}
	EndGlobalSection
EndGlobal
